
Microsoft Visual Studio Solution File, Format Version 12.00
# Visual Studio Version 17
VisualStudioVersion = 17.0.31903.59
MinimumVisualStudioVersion = 10.0.40219.1
Project("{2150E333-8FDC-42A3-9474-1A3956D46DE8}") = "01-Core", "01-Core", "{345739E2-E20C-4B1F-B1B2-725006FC9F72}"
EndProject
Project("{2150E333-8FDC-42A3-9474-1A3956D46DE8}") = "build", "build", "{0D42DE24-8D3C-4BE1-BAAE-7543281C3113}"
	ProjectSection(SolutionItems) = preProject
		build\common.props = build\common.props
		build\version.props = build\version.props
	EndProjectSection
EndProject
Project("{2150E333-8FDC-42A3-9474-1A3956D46DE8}") = "src", "src", "{C01B9930-D67F-41C5-90C9-C87DC53F39CB}"
EndProject
Project("{9A19103F-16F7-4668-BE54-9A1E7A4F7556}") = "Build", "build\Build.csproj", "{12539757-7371-455D-B86B-DAF22F2DEE4E}"
EndProject
Project("{9A19103F-16F7-4668-BE54-9A1E7A4F7556}") = "01-Util.Core", "src\Util.Core\01-Util.Core.csproj", "{5F1A7144-C954-4B47-B1FF-820FEA9B6B61}"
EndProject
Project("{2150E333-8FDC-42A3-9474-1A3956D46DE8}") = "14-Ui", "14-Ui", "{354B3720-D050-487D-A46A-22BCFEE56D43}"
EndProject
Project("{9A19103F-16F7-4668-BE54-9A1E7A4F7556}") = "01-Util.Ui", "src\Util.Ui\01-Util.Ui.csproj", "{5F7ACBE4-A1D8-4680-AA86-B87F8494BAC2}"
EndProject
Project("{9A19103F-16F7-4668-BE54-9A1E7A4F7556}") = "03-Util.Ui.NgZorro", "src\Util.Ui.NgZorro\03-Util.Ui.NgZorro.csproj", "{BA79977F-6DCE-4787-9A0D-AF5E61EBC177}"
EndProject
Project("{9A19103F-16F7-4668-BE54-9A1E7A4F7556}") = "02-Util.Ui.Angular", "src\Util.Ui.Angular\02-Util.Ui.Angular.csproj", "{E8481A4C-0C24-4418-A2C1-742877BE4F0D}"
EndProject
Project("{9A19103F-16F7-4668-BE54-9A1E7A4F7556}") = "08-Util.AspNetCore", "src\Util.AspNetCore\08-Util.AspNetCore.csproj", "{08EF3E38-E0C3-4E18-984C-3216CB6E8897}"
EndProject
Project("{9A19103F-16F7-4668-BE54-9A1E7A4F7556}") = "02-Util.ObjectMapping.AutoMapper", "src\Util.ObjectMapping.AutoMapper\02-Util.ObjectMapping.AutoMapper.csproj", "{12C94395-09F1-42E4-8CE1-6E54D3FEBAA6}"
EndProject
Project("{9A19103F-16F7-4668-BE54-9A1E7A4F7556}") = "03-Util.Aop.AspectCore", "src\Util.Aop.AspectCore\03-Util.Aop.AspectCore.csproj", "{FB337B27-C6C6-43A1-BFA5-58B3CF381BA8}"
EndProject
Project("{2150E333-8FDC-42A3-9474-1A3956D46DE8}") = "10-Domain", "10-Domain", "{7AB71D86-D351-4009-A789-24097897E74A}"
EndProject
Project("{9A19103F-16F7-4668-BE54-9A1E7A4F7556}") = "04-Util.Validation", "src\Util.Validation\04-Util.Validation.csproj", "{1DE277C2-EE56-4F4D-BB89-71107DE0E4C6}"
EndProject
Project("{9A19103F-16F7-4668-BE54-9A1E7A4F7556}") = "01-Util.Domain", "src\Util.Domain\01-Util.Domain.csproj", "{61982C8D-5376-45EE-BCC3-D4F9E90AF3B0}"
EndProject
Project("{9A19103F-16F7-4668-BE54-9A1E7A4F7556}") = "02-Util.Events", "src\Util.Events\02-Util.Events.csproj", "{EE426441-DE33-4F3B-B66A-E258AC725B78}"
EndProject
Project("{2150E333-8FDC-42A3-9474-1A3956D46DE8}") = "11-Data", "11-Data", "{66A85767-2877-4B99-84F1-EEABC6DC5247}"
EndProject
Project("{9A19103F-16F7-4668-BE54-9A1E7A4F7556}") = "01-Util.Data.EntityFrameworkCore", "src\Util.Data.EntityFrameworkCore\01-Util.Data.EntityFrameworkCore.csproj", "{7F7D9EE0-7263-4621-BA65-FC470B0F3C6B}"
EndProject
Project("{2150E333-8FDC-42A3-9474-1A3956D46DE8}") = "01-Core", "01-Core", "{45E2ADF5-F386-44CD-A43D-A3AB47E9C39A}"
EndProject
Project("{2150E333-8FDC-42A3-9474-1A3956D46DE8}") = "02-EntityFrameworkCore", "02-EntityFrameworkCore", "{4E99CBC5-1C74-44E7-9DEF-3FA44CADCCF0}"
EndProject
Project("{9A19103F-16F7-4668-BE54-9A1E7A4F7556}") = "02-Util.Data.EntityFrameworkCore.SqlServer", "src\Util.Data.EntityFrameworkCore.SqlServer\02-Util.Data.EntityFrameworkCore.SqlServer.csproj", "{04E5EDDB-8440-4BAD-9531-F87A3AC826FB}"
EndProject
Project("{9A19103F-16F7-4668-BE54-9A1E7A4F7556}") = "02-Util.Templates.Razor", "src\Util.Templates.Razor\02-Util.Templates.Razor.csproj", "{4656C609-DBBA-4F6B-B16F-5E1A8C9D9858}"
EndProject
Project("{9A19103F-16F7-4668-BE54-9A1E7A4F7556}") = "01-Util.Templates", "src\Util.Templates\01-Util.Templates.csproj", "{F7925EED-65E6-4CA2-9B8D-B7036F6DB3E8}"
EndProject
Project("{9A19103F-16F7-4668-BE54-9A1E7A4F7556}") = "03-Util.Templates.Handlebars", "src\Util.Templates.Handlebars\03-Util.Templates.Handlebars.csproj", "{D22C3F6D-434A-4F09-9EB2-B0433CC43642}"
EndProject
Project("{9A19103F-16F7-4668-BE54-9A1E7A4F7556}") = "03-Util.Data.Metadata", "src\Util.Data.Metadata\03-Util.Data.Metadata.csproj", "{257A0A17-5D13-4DA4-8E91-8A3BB2711F49}"
EndProject
Project("{2150E333-8FDC-42A3-9474-1A3956D46DE8}") = "03-Dapper", "03-Dapper", "{4A955BB3-C1AF-45DB-9590-82C00996B608}"
EndProject
Project("{9A19103F-16F7-4668-BE54-9A1E7A4F7556}") = "02-Util.Data.Dapper.SqlServer", "src\Util.Data.Dapper.SqlServer\02-Util.Data.Dapper.SqlServer.csproj", "{9A2C7C42-086B-4482-828D-7B02D85372ED}"
EndProject
Project("{9A19103F-16F7-4668-BE54-9A1E7A4F7556}") = "02-Util.Data.Sql", "src\Util.Data.Sql\02-Util.Data.Sql.csproj", "{661B88AE-6F83-437C-9A7E-C5C1A565E650}"
EndProject
Project("{9A19103F-16F7-4668-BE54-9A1E7A4F7556}") = "01-Util.Data.Dapper.Core", "src\Util.Data.Dapper.Core\01-Util.Data.Dapper.Core.csproj", "{60424AB5-356A-4623-B1FB-7560334C0BE0}"
EndProject
Project("{9A19103F-16F7-4668-BE54-9A1E7A4F7556}") = "06-Util.Data.Dapper.All", "src\Util.Data.Dapper.All\06-Util.Data.Dapper.All.csproj", "{C2A4E6AB-16B9-4457-9445-FFBF672DFBCF}"
EndProject
Project("{9A19103F-16F7-4668-BE54-9A1E7A4F7556}") = "02-Util.Domain.Biz", "src\Util.Domain.Biz\02-Util.Domain.Biz.csproj", "{AFB629C5-00C2-492C-8787-C66D810A24DB}"
EndProject
Project("{2150E333-8FDC-42A3-9474-1A3956D46DE8}") = "12-Application", "12-Application", "{648CE3E3-CEC4-4F91-8696-6A3FB2F91220}"
EndProject
Project("{9A19103F-16F7-4668-BE54-9A1E7A4F7556}") = "01-Util.Application", "src\Util.Application\01-Util.Application.csproj", "{9404B5FE-3431-4EC0-BCC6-42525FC5D1B8}"
EndProject
Project("{9A19103F-16F7-4668-BE54-9A1E7A4F7556}") = "01-Util.Data.Core", "src\Util.Data.Core\01-Util.Data.Core.csproj", "{B5305F08-3856-42B5-92D5-6FD446B39931}"
EndProject
Project("{9A19103F-16F7-4668-BE54-9A1E7A4F7556}") = "06-Util.Data.Abstractions", "src\Util.Data.Abstractions\06-Util.Data.Abstractions.csproj", "{88FE7642-27D9-4693-A130-706FCE46194A}"
EndProject
Project("{9A19103F-16F7-4668-BE54-9A1E7A4F7556}") = "02-Util.Application.EntityFrameworkCore", "src\Util.Application.EntityFrameworkCore\02-Util.Application.EntityFrameworkCore.csproj", "{95842BB6-559E-4317-B1E9-FF19D39ADA24}"
EndProject
Project("{9A19103F-16F7-4668-BE54-9A1E7A4F7556}") = "03-Util.Application.WebApi", "src\Util.Application.WebApi\03-Util.Application.WebApi.csproj", "{3DE7DD7A-8500-46C9-91A1-A65DB60E0235}"
EndProject
Project("{9A19103F-16F7-4668-BE54-9A1E7A4F7556}") = "03-Util.Data.EntityFrameworkCore.PostgreSql", "src\Util.Data.EntityFrameworkCore.PostgreSql\03-Util.Data.EntityFrameworkCore.PostgreSql.csproj", "{8618EE3F-F120-4AEA-8A77-F7BD5DCCB888}"
EndProject
Project("{2150E333-8FDC-42A3-9474-1A3956D46DE8}") = "02-Logging", "02-Logging", "{D5CF25B2-1A91-4065-A647-06CDF55F4B96}"
EndProject
Project("{2150E333-8FDC-42A3-9474-1A3956D46DE8}") = "04-Templates", "04-Templates", "{2697EEFB-06BE-4786-89C6-A566FD94A41B}"
EndProject
Project("{2150E333-8FDC-42A3-9474-1A3956D46DE8}") = "03-Events", "03-Events", "{59F82491-51E3-4A12-B427-9815AEA23D10}"
EndProject
Project("{9A19103F-16F7-4668-BE54-9A1E7A4F7556}") = "01-Util.Logging", "src\Util.Logging\01-Util.Logging.csproj", "{577A7F6F-4836-4811-B715-32573127BDB3}"
EndProject
Project("{9A19103F-16F7-4668-BE54-9A1E7A4F7556}") = "02-Util.Logging.Serilog", "src\Util.Logging.Serilog\02-Util.Logging.Serilog.csproj", "{A1186FB9-FB77-427C-9AEC-55E48A8D046A}"
EndProject
Project("{9A19103F-16F7-4668-BE54-9A1E7A4F7556}") = "03-Util.Logging.Serilog.Exceptionless", "src\Util.Logging.Serilog.Exceptionless\03-Util.Logging.Serilog.Exceptionless.csproj", "{9960FA8A-98C1-45FB-8A09-33CA183AA140}"
EndProject
Project("{9A19103F-16F7-4668-BE54-9A1E7A4F7556}") = "04-Util.Data.EntityFrameworkCore.MySql", "src\Util.Data.EntityFrameworkCore.MySql\04-Util.Data.EntityFrameworkCore.MySql.csproj", "{C43539A5-8343-4381-B2FD-5323323F1DB6}"
EndProject
Project("{9A19103F-16F7-4668-BE54-9A1E7A4F7556}") = "03-Util.Data.Dapper.PostgreSql", "src\Util.Data.Dapper.PostgreSql\03-Util.Data.Dapper.PostgreSql.csproj", "{878A2744-5122-48A7-90E6-7D8CFABC29FD}"
EndProject
Project("{9A19103F-16F7-4668-BE54-9A1E7A4F7556}") = "04-Util.Data.Dapper.MySql", "src\Util.Data.Dapper.MySql\04-Util.Data.Dapper.MySql.csproj", "{0C464725-DEDC-4894-84A3-7A155E43818B}"
EndProject
Project("{9A19103F-16F7-4668-BE54-9A1E7A4F7556}") = "05-Util.Data.EntityFrameworkCore.Sqlite", "src\Util.Data.EntityFrameworkCore.Sqlite\05-Util.Data.EntityFrameworkCore.Sqlite.csproj", "{2BE691A3-19C0-4FCF-85D2-D2371C9462C6}"
EndProject
Project("{9A19103F-16F7-4668-BE54-9A1E7A4F7556}") = "06-Util.Data.EntityFrameworkCore.Oracle", "src\Util.Data.EntityFrameworkCore.Oracle\06-Util.Data.EntityFrameworkCore.Oracle.csproj", "{6B2BA282-5C97-4A71-885F-E5259274F714}"
EndProject
Project("{9A19103F-16F7-4668-BE54-9A1E7A4F7556}") = "09-Util.Localization", "src\Util.Localization\09-Util.Localization.csproj", "{D9E411DD-58B1-4160-8025-068D43ADE72C}"
EndProject
Project("{2150E333-8FDC-42A3-9474-1A3956D46DE8}") = "05-Caching", "05-Caching", "{22E49D65-F51D-4A45-A35E-B27FF7DE6787}"
EndProject
Project("{9A19103F-16F7-4668-BE54-9A1E7A4F7556}") = "01-Util.Caching", "src\Util.Caching\01-Util.Caching.csproj", "{4170A699-C110-4136-92EA-D2BFEBF68230}"
EndProject
Project("{9A19103F-16F7-4668-BE54-9A1E7A4F7556}") = "02-Util.Caching.EasyCaching", "src\Util.Caching.EasyCaching\02-Util.Caching.EasyCaching.csproj", "{78B9EC26-ADC5-4934-9F31-000D4D678121}"
EndProject
Project("{9A19103F-16F7-4668-BE54-9A1E7A4F7556}") = "04-Util.Ui.NgAlain", "src\Util.Ui.NgAlain\04-Util.Ui.NgAlain.csproj", "{B40CD480-D4A0-4A43-B855-0CD84EC537CC}"
EndProject
Project("{2150E333-8FDC-42A3-9474-1A3956D46DE8}") = "06-Scheduling", "06-Scheduling", "{76AA6040-AA3A-43DD-BD4B-7F931271BFD6}"
EndProject
Project("{9A19103F-16F7-4668-BE54-9A1E7A4F7556}") = "02-Util.Scheduling.Quartz", "src\Util.Scheduling.Quartz\02-Util.Scheduling.Quartz.csproj", "{4E12B03E-D607-492E-BB28-96235993A39F}"
EndProject
Project("{9A19103F-16F7-4668-BE54-9A1E7A4F7556}") = "01-Util.Scheduling", "src\Util.Scheduling\01-Util.Scheduling.csproj", "{1272E006-8D8B-46B5-AD18-2E31CA9C6CBD}"
EndProject
Project("{9A19103F-16F7-4668-BE54-9A1E7A4F7556}") = "03-Util.Scheduling.Hangfire", "src\Util.Scheduling.Hangfire\03-Util.Scheduling.Hangfire.csproj", "{E0D77981-E412-477D-B866-E43F055CAAFC}"
EndProject
Project("{9A19103F-16F7-4668-BE54-9A1E7A4F7556}") = "05-Util.Security", "src\Util.Security\05-Util.Security.csproj", "{8BC69296-3C9A-45B3-B6C3-3DD575027CCD}"
EndProject
Project("{2150E333-8FDC-42A3-9474-1A3956D46DE8}") = "07-Tools", "07-Tools", "{1F5EE147-BD88-4B6D-BA84-35B4F3BE4A4E}"
EndProject
Project("{9A19103F-16F7-4668-BE54-9A1E7A4F7556}") = "01-Util.Images.ImageSharp", "src\Util.Images.ImageSharp\01-Util.Images.ImageSharp.csproj", "{22305349-51C7-4D80-A538-C7C0F4495895}"
EndProject
Project("{9A19103F-16F7-4668-BE54-9A1E7A4F7556}") = "02-Util.Images.Avatar", "src\Util.Images.Avatar\02-Util.Images.Avatar.csproj", "{599BAD8E-DB56-4967-8DDE-74BD21DA2B49}"
EndProject
Project("{2150E333-8FDC-42A3-9474-1A3956D46DE8}") = "15-Generators", "15-Generators", "{411247A4-4665-4BE6-8E5C-08F6D0BA2213}"
EndProject
Project("{9A19103F-16F7-4668-BE54-9A1E7A4F7556}") = "01-Util.Generators", "src\Util.Generators\01-Util.Generators.csproj", "{36990D32-6F41-44A6-BB88-A3F15E12C35B}"
EndProject
Project("{9A19103F-16F7-4668-BE54-9A1E7A4F7556}") = "02-Util.Generators.Razor", "src\Util.Generators.Razor\02-Util.Generators.Razor.csproj", "{21831A4F-B3C9-40E7-855B-75F9D679FF55}"
EndProject
Project("{2150E333-8FDC-42A3-9474-1A3956D46DE8}") = "08-FileStorage", "08-FileStorage", "{E069CEB0-8092-4907-BC9D-C6B8BDE20AD2}"
EndProject
Project("{9A19103F-16F7-4668-BE54-9A1E7A4F7556}") = "02-Util.FileStorage", "src\Util.FileStorage\02-Util.FileStorage.csproj", "{6FC29D15-7581-4E29-9897-76DC5AEF2042}"
EndProject
Project("{9A19103F-16F7-4668-BE54-9A1E7A4F7556}") = "03-Util.FileStorage.Minio", "src\Util.FileStorage.Minio\03-Util.FileStorage.Minio.csproj", "{3E81F8D0-06C7-4FD4-A5B0-E3D96E909646}"
EndProject
Project("{9A19103F-16F7-4668-BE54-9A1E7A4F7556}") = "04-Util.FileStorage.Aliyun", "src\Util.FileStorage.Aliyun\04-Util.FileStorage.Aliyun.csproj", "{C233FF83-E15D-4A17-8FF1-BBFF9E9DE210}"
EndProject
Project("{9A19103F-16F7-4668-BE54-9A1E7A4F7556}") = "01-Util.Events.Abstractions", "src\Util.Events.Abstractions\01-Util.Events.Abstractions.csproj", "{6233BF36-9636-43BD-9462-2D31A05EE4ED}"
EndProject
Project("{2150E333-8FDC-42A3-9474-1A3956D46DE8}") = "13-Microservices", "13-Microservices", "{1DEC52C8-6692-4DA7-AE34-B76D728F895A}"
EndProject
Project("{9A19103F-16F7-4668-BE54-9A1E7A4F7556}") = "01-Util.Microservices", "src\Util.Microservices\01-Util.Microservices.csproj", "{F8417623-6936-43C4-A967-9D6BD002AD16}"
EndProject
Project("{9A19103F-16F7-4668-BE54-9A1E7A4F7556}") = "03-Util.Microservices.Dapr", "src\Util.Microservices.Dapr\03-Util.Microservices.Dapr.csproj", "{CAA32331-4A8E-4C16-BC7D-7CA646B393F4}"
EndProject
Project("{9A19103F-16F7-4668-BE54-9A1E7A4F7556}") = "02-Util.Microservices.Polly", "src\Util.Microservices.Polly\02-Util.Microservices.Polly.csproj", "{0BCB6FF1-E374-4AED-9888-83C7CFED0E98}"
EndProject
Project("{9A19103F-16F7-4668-BE54-9A1E7A4F7556}") = "04-Util.Microservices.HealthChecks", "src\Util.Microservices.HealthChecks\04-Util.Microservices.HealthChecks.csproj", "{9C58E50F-0589-4A4E-B94D-2EC0BF02F61F}"
EndProject
Project("{9A19103F-16F7-4668-BE54-9A1E7A4F7556}") = "02-Util.Tenants", "src\Util.Tenants\02-Util.Tenants.csproj", "{156447ED-8515-4FB0-8B5A-D5A3A1E43AC6}"
EndProject
Project("{2150E333-8FDC-42A3-9474-1A3956D46DE8}") = "09-Tenant", "09-Tenant", "{98F1FEAD-AFD5-4744-8A55-C57920461EB9}"
EndProject
Project("{9A19103F-16F7-4668-BE54-9A1E7A4F7556}") = "01-Util.Tenants.Abstractions", "src\Util.Tenants.Abstractions\01-Util.Tenants.Abstractions.csproj", "{0C062400-58D1-4EE3-8EBB-C5B3AAEECF87}"
EndProject
Project("{9A19103F-16F7-4668-BE54-9A1E7A4F7556}") = "03-Util.Events.MediatR", "src\Util.Events.MediatR\03-Util.Events.MediatR.csproj", "{FA6AF0F1-B4EE-4E46-B933-9573861A10FC}"
EndProject
Project("{9A19103F-16F7-4668-BE54-9A1E7A4F7556}") = "05-Util.Data.Dapper.Oracle", "src\Util.Data.Dapper.Oracle\05-Util.Data.Dapper.Oracle.csproj", "{00C518D5-EFAC-43CC-AD1E-9837BDBD93BB}"
EndProject
Project("{9A19103F-16F7-4668-BE54-9A1E7A4F7556}") = "10-Util.IdGenerator", "src\Util.IdGenerator\10-Util.IdGenerator.csproj", "{698AE3A0-65E3-433C-B56C-7D47A7A44263}"
EndProject
Project("{9A19103F-16F7-4668-BE54-9A1E7A4F7556}") = "07-Util.Http", "src\Util.Http\07-Util.Http.csproj", "{EDB3405A-58BD-444C-82FF-05FAB7CE72B4}"
EndProject
Project("{9A19103F-16F7-4668-BE54-9A1E7A4F7556}") = "05-Util.FileStorage.All", "src\Util.FileStorage.All\05-Util.FileStorage.All.csproj", "{4938D59D-CF50-4090-B936-36DB29EBE344}"
EndProject
Project("{9A19103F-16F7-4668-BE54-9A1E7A4F7556}") = "01-Util.FileStorage.Abstractions", "src\Util.FileStorage.Abstractions\01-Util.FileStorage.Abstractions.csproj", "{814E42E9-508E-487F-BCD3-0F07AE7D1492}"
EndProject
Project("{9A19103F-16F7-4668-BE54-9A1E7A4F7556}") = "03-Util.QrCode.ZXing", "src\Util.QrCode.ZXing\03-Util.QrCode.ZXing.csproj", "{3F5120A6-9CA4-4B25-9507-86E9E5571DB6}"
EndProject
Global
	GlobalSection(SolutionConfigurationPlatforms) = preSolution
		Debug|Any CPU = Debug|Any CPU
		Release|Any CPU = Release|Any CPU
	EndGlobalSection
	GlobalSection(ProjectConfigurationPlatforms) = postSolution
		{12539757-7371-455D-B86B-DAF22F2DEE4E}.Debug|Any CPU.ActiveCfg = Debug|Any CPU
		{12539757-7371-455D-B86B-DAF22F2DEE4E}.Debug|Any CPU.Build.0 = Debug|Any CPU
		{12539757-7371-455D-B86B-DAF22F2DEE4E}.Release|Any CPU.ActiveCfg = Release|Any CPU
		{12539757-7371-455D-B86B-DAF22F2DEE4E}.Release|Any CPU.Build.0 = Release|Any CPU
		{5F1A7144-C954-4B47-B1FF-820FEA9B6B61}.Debug|Any CPU.ActiveCfg = Debug|Any CPU
		{5F1A7144-C954-4B47-B1FF-820FEA9B6B61}.Debug|Any CPU.Build.0 = Debug|Any CPU
		{5F1A7144-C954-4B47-B1FF-820FEA9B6B61}.Release|Any CPU.ActiveCfg = Release|Any CPU
		{5F1A7144-C954-4B47-B1FF-820FEA9B6B61}.Release|Any CPU.Build.0 = Release|Any CPU
		{5F7ACBE4-A1D8-4680-AA86-B87F8494BAC2}.Debug|Any CPU.ActiveCfg = Debug|Any CPU
		{5F7ACBE4-A1D8-4680-AA86-B87F8494BAC2}.Debug|Any CPU.Build.0 = Debug|Any CPU
		{5F7ACBE4-A1D8-4680-AA86-B87F8494BAC2}.Release|Any CPU.ActiveCfg = Release|Any CPU
		{5F7ACBE4-A1D8-4680-AA86-B87F8494BAC2}.Release|Any CPU.Build.0 = Release|Any CPU
		{BA79977F-6DCE-4787-9A0D-AF5E61EBC177}.Debug|Any CPU.ActiveCfg = Debug|Any CPU
		{BA79977F-6DCE-4787-9A0D-AF5E61EBC177}.Debug|Any CPU.Build.0 = Debug|Any CPU
		{BA79977F-6DCE-4787-9A0D-AF5E61EBC177}.Release|Any CPU.ActiveCfg = Release|Any CPU
		{BA79977F-6DCE-4787-9A0D-AF5E61EBC177}.Release|Any CPU.Build.0 = Release|Any CPU
		{E8481A4C-0C24-4418-A2C1-742877BE4F0D}.Debug|Any CPU.ActiveCfg = Debug|Any CPU
		{E8481A4C-0C24-4418-A2C1-742877BE4F0D}.Debug|Any CPU.Build.0 = Debug|Any CPU
		{E8481A4C-0C24-4418-A2C1-742877BE4F0D}.Release|Any CPU.ActiveCfg = Release|Any CPU
		{E8481A4C-0C24-4418-A2C1-742877BE4F0D}.Release|Any CPU.Build.0 = Release|Any CPU
		{08EF3E38-E0C3-4E18-984C-3216CB6E8897}.Debug|Any CPU.ActiveCfg = Debug|Any CPU
		{08EF3E38-E0C3-4E18-984C-3216CB6E8897}.Debug|Any CPU.Build.0 = Debug|Any CPU
		{08EF3E38-E0C3-4E18-984C-3216CB6E8897}.Release|Any CPU.ActiveCfg = Release|Any CPU
		{08EF3E38-E0C3-4E18-984C-3216CB6E8897}.Release|Any CPU.Build.0 = Release|Any CPU
		{12C94395-09F1-42E4-8CE1-6E54D3FEBAA6}.Debug|Any CPU.ActiveCfg = Debug|Any CPU
		{12C94395-09F1-42E4-8CE1-6E54D3FEBAA6}.Debug|Any CPU.Build.0 = Debug|Any CPU
		{12C94395-09F1-42E4-8CE1-6E54D3FEBAA6}.Release|Any CPU.ActiveCfg = Release|Any CPU
		{12C94395-09F1-42E4-8CE1-6E54D3FEBAA6}.Release|Any CPU.Build.0 = Release|Any CPU
		{FB337B27-C6C6-43A1-BFA5-58B3CF381BA8}.Debug|Any CPU.ActiveCfg = Debug|Any CPU
		{FB337B27-C6C6-43A1-BFA5-58B3CF381BA8}.Debug|Any CPU.Build.0 = Debug|Any CPU
		{FB337B27-C6C6-43A1-BFA5-58B3CF381BA8}.Release|Any CPU.ActiveCfg = Release|Any CPU
		{FB337B27-C6C6-43A1-BFA5-58B3CF381BA8}.Release|Any CPU.Build.0 = Release|Any CPU
		{1DE277C2-EE56-4F4D-BB89-71107DE0E4C6}.Debug|Any CPU.ActiveCfg = Debug|Any CPU
		{1DE277C2-EE56-4F4D-BB89-71107DE0E4C6}.Debug|Any CPU.Build.0 = Debug|Any CPU
		{1DE277C2-EE56-4F4D-BB89-71107DE0E4C6}.Release|Any CPU.ActiveCfg = Release|Any CPU
		{1DE277C2-EE56-4F4D-BB89-71107DE0E4C6}.Release|Any CPU.Build.0 = Release|Any CPU
		{61982C8D-5376-45EE-BCC3-D4F9E90AF3B0}.Debug|Any CPU.ActiveCfg = Debug|Any CPU
		{61982C8D-5376-45EE-BCC3-D4F9E90AF3B0}.Debug|Any CPU.Build.0 = Debug|Any CPU
		{61982C8D-5376-45EE-BCC3-D4F9E90AF3B0}.Release|Any CPU.ActiveCfg = Release|Any CPU
		{61982C8D-5376-45EE-BCC3-D4F9E90AF3B0}.Release|Any CPU.Build.0 = Release|Any CPU
		{EE426441-DE33-4F3B-B66A-E258AC725B78}.Debug|Any CPU.ActiveCfg = Debug|Any CPU
		{EE426441-DE33-4F3B-B66A-E258AC725B78}.Debug|Any CPU.Build.0 = Debug|Any CPU
		{EE426441-DE33-4F3B-B66A-E258AC725B78}.Release|Any CPU.ActiveCfg = Release|Any CPU
		{EE426441-DE33-4F3B-B66A-E258AC725B78}.Release|Any CPU.Build.0 = Release|Any CPU
		{7F7D9EE0-7263-4621-BA65-FC470B0F3C6B}.Debug|Any CPU.ActiveCfg = Debug|Any CPU
		{7F7D9EE0-7263-4621-BA65-FC470B0F3C6B}.Debug|Any CPU.Build.0 = Debug|Any CPU
		{7F7D9EE0-7263-4621-BA65-FC470B0F3C6B}.Release|Any CPU.ActiveCfg = Release|Any CPU
		{7F7D9EE0-7263-4621-BA65-FC470B0F3C6B}.Release|Any CPU.Build.0 = Release|Any CPU
		{04E5EDDB-8440-4BAD-9531-F87A3AC826FB}.Debug|Any CPU.ActiveCfg = Debug|Any CPU
		{04E5EDDB-8440-4BAD-9531-F87A3AC826FB}.Debug|Any CPU.Build.0 = Debug|Any CPU
		{04E5EDDB-8440-4BAD-9531-F87A3AC826FB}.Release|Any CPU.ActiveCfg = Release|Any CPU
		{04E5EDDB-8440-4BAD-9531-F87A3AC826FB}.Release|Any CPU.Build.0 = Release|Any CPU
		{4656C609-DBBA-4F6B-B16F-5E1A8C9D9858}.Debug|Any CPU.ActiveCfg = Debug|Any CPU
		{4656C609-DBBA-4F6B-B16F-5E1A8C9D9858}.Debug|Any CPU.Build.0 = Debug|Any CPU
		{4656C609-DBBA-4F6B-B16F-5E1A8C9D9858}.Release|Any CPU.ActiveCfg = Release|Any CPU
		{4656C609-DBBA-4F6B-B16F-5E1A8C9D9858}.Release|Any CPU.Build.0 = Release|Any CPU
		{F7925EED-65E6-4CA2-9B8D-B7036F6DB3E8}.Debug|Any CPU.ActiveCfg = Debug|Any CPU
		{F7925EED-65E6-4CA2-9B8D-B7036F6DB3E8}.Debug|Any CPU.Build.0 = Debug|Any CPU
		{F7925EED-65E6-4CA2-9B8D-B7036F6DB3E8}.Release|Any CPU.ActiveCfg = Release|Any CPU
		{F7925EED-65E6-4CA2-9B8D-B7036F6DB3E8}.Release|Any CPU.Build.0 = Release|Any CPU
		{D22C3F6D-434A-4F09-9EB2-B0433CC43642}.Debug|Any CPU.ActiveCfg = Debug|Any CPU
		{D22C3F6D-434A-4F09-9EB2-B0433CC43642}.Debug|Any CPU.Build.0 = Debug|Any CPU
		{D22C3F6D-434A-4F09-9EB2-B0433CC43642}.Release|Any CPU.ActiveCfg = Release|Any CPU
		{D22C3F6D-434A-4F09-9EB2-B0433CC43642}.Release|Any CPU.Build.0 = Release|Any CPU
		{257A0A17-5D13-4DA4-8E91-8A3BB2711F49}.Debug|Any CPU.ActiveCfg = Debug|Any CPU
		{257A0A17-5D13-4DA4-8E91-8A3BB2711F49}.Debug|Any CPU.Build.0 = Debug|Any CPU
		{257A0A17-5D13-4DA4-8E91-8A3BB2711F49}.Release|Any CPU.ActiveCfg = Release|Any CPU
		{257A0A17-5D13-4DA4-8E91-8A3BB2711F49}.Release|Any CPU.Build.0 = Release|Any CPU
		{9A2C7C42-086B-4482-828D-7B02D85372ED}.Debug|Any CPU.ActiveCfg = Debug|Any CPU
		{9A2C7C42-086B-4482-828D-7B02D85372ED}.Debug|Any CPU.Build.0 = Debug|Any CPU
		{9A2C7C42-086B-4482-828D-7B02D85372ED}.Release|Any CPU.ActiveCfg = Release|Any CPU
		{9A2C7C42-086B-4482-828D-7B02D85372ED}.Release|Any CPU.Build.0 = Release|Any CPU
		{661B88AE-6F83-437C-9A7E-C5C1A565E650}.Debug|Any CPU.ActiveCfg = Debug|Any CPU
		{661B88AE-6F83-437C-9A7E-C5C1A565E650}.Debug|Any CPU.Build.0 = Debug|Any CPU
		{661B88AE-6F83-437C-9A7E-C5C1A565E650}.Release|Any CPU.ActiveCfg = Release|Any CPU
		{661B88AE-6F83-437C-9A7E-C5C1A565E650}.Release|Any CPU.Build.0 = Release|Any CPU
		{60424AB5-356A-4623-B1FB-7560334C0BE0}.Debug|Any CPU.ActiveCfg = Debug|Any CPU
		{60424AB5-356A-4623-B1FB-7560334C0BE0}.Debug|Any CPU.Build.0 = Debug|Any CPU
		{60424AB5-356A-4623-B1FB-7560334C0BE0}.Release|Any CPU.ActiveCfg = Release|Any CPU
		{60424AB5-356A-4623-B1FB-7560334C0BE0}.Release|Any CPU.Build.0 = Release|Any CPU
		{C2A4E6AB-16B9-4457-9445-FFBF672DFBCF}.Debug|Any CPU.ActiveCfg = Debug|Any CPU
		{C2A4E6AB-16B9-4457-9445-FFBF672DFBCF}.Debug|Any CPU.Build.0 = Debug|Any CPU
		{C2A4E6AB-16B9-4457-9445-FFBF672DFBCF}.Release|Any CPU.ActiveCfg = Release|Any CPU
		{C2A4E6AB-16B9-4457-9445-FFBF672DFBCF}.Release|Any CPU.Build.0 = Release|Any CPU
		{AFB629C5-00C2-492C-8787-C66D810A24DB}.Debug|Any CPU.ActiveCfg = Debug|Any CPU
		{AFB629C5-00C2-492C-8787-C66D810A24DB}.Debug|Any CPU.Build.0 = Debug|Any CPU
		{AFB629C5-00C2-492C-8787-C66D810A24DB}.Release|Any CPU.ActiveCfg = Release|Any CPU
		{AFB629C5-00C2-492C-8787-C66D810A24DB}.Release|Any CPU.Build.0 = Release|Any CPU
		{9404B5FE-3431-4EC0-BCC6-42525FC5D1B8}.Debug|Any CPU.ActiveCfg = Debug|Any CPU
		{9404B5FE-3431-4EC0-BCC6-42525FC5D1B8}.Debug|Any CPU.Build.0 = Debug|Any CPU
		{9404B5FE-3431-4EC0-BCC6-42525FC5D1B8}.Release|Any CPU.ActiveCfg = Release|Any CPU
		{9404B5FE-3431-4EC0-BCC6-42525FC5D1B8}.Release|Any CPU.Build.0 = Release|Any CPU
		{B5305F08-3856-42B5-92D5-6FD446B39931}.Debug|Any CPU.ActiveCfg = Debug|Any CPU
		{B5305F08-3856-42B5-92D5-6FD446B39931}.Debug|Any CPU.Build.0 = Debug|Any CPU
		{B5305F08-3856-42B5-92D5-6FD446B39931}.Release|Any CPU.ActiveCfg = Release|Any CPU
		{B5305F08-3856-42B5-92D5-6FD446B39931}.Release|Any CPU.Build.0 = Release|Any CPU
		{88FE7642-27D9-4693-A130-706FCE46194A}.Debug|Any CPU.ActiveCfg = Debug|Any CPU
		{88FE7642-27D9-4693-A130-706FCE46194A}.Debug|Any CPU.Build.0 = Debug|Any CPU
		{88FE7642-27D9-4693-A130-706FCE46194A}.Release|Any CPU.ActiveCfg = Release|Any CPU
		{88FE7642-27D9-4693-A130-706FCE46194A}.Release|Any CPU.Build.0 = Release|Any CPU
		{95842BB6-559E-4317-B1E9-FF19D39ADA24}.Debug|Any CPU.ActiveCfg = Debug|Any CPU
		{95842BB6-559E-4317-B1E9-FF19D39ADA24}.Debug|Any CPU.Build.0 = Debug|Any CPU
		{95842BB6-559E-4317-B1E9-FF19D39ADA24}.Release|Any CPU.ActiveCfg = Release|Any CPU
		{95842BB6-559E-4317-B1E9-FF19D39ADA24}.Release|Any CPU.Build.0 = Release|Any CPU
		{3DE7DD7A-8500-46C9-91A1-A65DB60E0235}.Debug|Any CPU.ActiveCfg = Debug|Any CPU
		{3DE7DD7A-8500-46C9-91A1-A65DB60E0235}.Debug|Any CPU.Build.0 = Debug|Any CPU
		{3DE7DD7A-8500-46C9-91A1-A65DB60E0235}.Release|Any CPU.ActiveCfg = Release|Any CPU
		{3DE7DD7A-8500-46C9-91A1-A65DB60E0235}.Release|Any CPU.Build.0 = Release|Any CPU
		{8618EE3F-F120-4AEA-8A77-F7BD5DCCB888}.Debug|Any CPU.ActiveCfg = Debug|Any CPU
		{8618EE3F-F120-4AEA-8A77-F7BD5DCCB888}.Debug|Any CPU.Build.0 = Debug|Any CPU
		{8618EE3F-F120-4AEA-8A77-F7BD5DCCB888}.Release|Any CPU.ActiveCfg = Release|Any CPU
		{8618EE3F-F120-4AEA-8A77-F7BD5DCCB888}.Release|Any CPU.Build.0 = Release|Any CPU
		{577A7F6F-4836-4811-B715-32573127BDB3}.Debug|Any CPU.ActiveCfg = Debug|Any CPU
		{577A7F6F-4836-4811-B715-32573127BDB3}.Debug|Any CPU.Build.0 = Debug|Any CPU
		{577A7F6F-4836-4811-B715-32573127BDB3}.Release|Any CPU.ActiveCfg = Release|Any CPU
		{577A7F6F-4836-4811-B715-32573127BDB3}.Release|Any CPU.Build.0 = Release|Any CPU
		{A1186FB9-FB77-427C-9AEC-55E48A8D046A}.Debug|Any CPU.ActiveCfg = Debug|Any CPU
		{A1186FB9-FB77-427C-9AEC-55E48A8D046A}.Debug|Any CPU.Build.0 = Debug|Any CPU
		{A1186FB9-FB77-427C-9AEC-55E48A8D046A}.Release|Any CPU.ActiveCfg = Release|Any CPU
		{A1186FB9-FB77-427C-9AEC-55E48A8D046A}.Release|Any CPU.Build.0 = Release|Any CPU
		{9960FA8A-98C1-45FB-8A09-33CA183AA140}.Debug|Any CPU.ActiveCfg = Debug|Any CPU
		{9960FA8A-98C1-45FB-8A09-33CA183AA140}.Debug|Any CPU.Build.0 = Debug|Any CPU
		{9960FA8A-98C1-45FB-8A09-33CA183AA140}.Release|Any CPU.ActiveCfg = Release|Any CPU
		{9960FA8A-98C1-45FB-8A09-33CA183AA140}.Release|Any CPU.Build.0 = Release|Any CPU
		{C43539A5-8343-4381-B2FD-5323323F1DB6}.Debug|Any CPU.ActiveCfg = Debug|Any CPU
		{C43539A5-8343-4381-B2FD-5323323F1DB6}.Debug|Any CPU.Build.0 = Debug|Any CPU
		{C43539A5-8343-4381-B2FD-5323323F1DB6}.Release|Any CPU.ActiveCfg = Release|Any CPU
		{C43539A5-8343-4381-B2FD-5323323F1DB6}.Release|Any CPU.Build.0 = Release|Any CPU
		{878A2744-5122-48A7-90E6-7D8CFABC29FD}.Debug|Any CPU.ActiveCfg = Debug|Any CPU
		{878A2744-5122-48A7-90E6-7D8CFABC29FD}.Debug|Any CPU.Build.0 = Debug|Any CPU
		{878A2744-5122-48A7-90E6-7D8CFABC29FD}.Release|Any CPU.ActiveCfg = Release|Any CPU
		{878A2744-5122-48A7-90E6-7D8CFABC29FD}.Release|Any CPU.Build.0 = Release|Any CPU
		{0C464725-DEDC-4894-84A3-7A155E43818B}.Debug|Any CPU.ActiveCfg = Debug|Any CPU
		{0C464725-DEDC-4894-84A3-7A155E43818B}.Debug|Any CPU.Build.0 = Debug|Any CPU
		{0C464725-DEDC-4894-84A3-7A155E43818B}.Release|Any CPU.ActiveCfg = Release|Any CPU
		{0C464725-DEDC-4894-84A3-7A155E43818B}.Release|Any CPU.Build.0 = Release|Any CPU
		{2BE691A3-19C0-4FCF-85D2-D2371C9462C6}.Debug|Any CPU.ActiveCfg = Debug|Any CPU
		{2BE691A3-19C0-4FCF-85D2-D2371C9462C6}.Debug|Any CPU.Build.0 = Debug|Any CPU
		{2BE691A3-19C0-4FCF-85D2-D2371C9462C6}.Release|Any CPU.ActiveCfg = Release|Any CPU
		{2BE691A3-19C0-4FCF-85D2-D2371C9462C6}.Release|Any CPU.Build.0 = Release|Any CPU
		{6B2BA282-5C97-4A71-885F-E5259274F714}.Debug|Any CPU.ActiveCfg = Debug|Any CPU
		{6B2BA282-5C97-4A71-885F-E5259274F714}.Debug|Any CPU.Build.0 = Debug|Any CPU
		{6B2BA282-5C97-4A71-885F-E5259274F714}.Release|Any CPU.ActiveCfg = Release|Any CPU
		{6B2BA282-5C97-4A71-885F-E5259274F714}.Release|Any CPU.Build.0 = Release|Any CPU
		{D9E411DD-58B1-4160-8025-068D43ADE72C}.Debug|Any CPU.ActiveCfg = Debug|Any CPU
		{D9E411DD-58B1-4160-8025-068D43ADE72C}.Debug|Any CPU.Build.0 = Debug|Any CPU
		{D9E411DD-58B1-4160-8025-068D43ADE72C}.Release|Any CPU.ActiveCfg = Release|Any CPU
		{D9E411DD-58B1-4160-8025-068D43ADE72C}.Release|Any CPU.Build.0 = Release|Any CPU
		{4170A699-C110-4136-92EA-D2BFEBF68230}.Debug|Any CPU.ActiveCfg = Debug|Any CPU
		{4170A699-C110-4136-92EA-D2BFEBF68230}.Debug|Any CPU.Build.0 = Debug|Any CPU
		{4170A699-C110-4136-92EA-D2BFEBF68230}.Release|Any CPU.ActiveCfg = Release|Any CPU
		{4170A699-C110-4136-92EA-D2BFEBF68230}.Release|Any CPU.Build.0 = Release|Any CPU
		{78B9EC26-ADC5-4934-9F31-000D4D678121}.Debug|Any CPU.ActiveCfg = Debug|Any CPU
		{78B9EC26-ADC5-4934-9F31-000D4D678121}.Debug|Any CPU.Build.0 = Debug|Any CPU
		{78B9EC26-ADC5-4934-9F31-000D4D678121}.Release|Any CPU.ActiveCfg = Release|Any CPU
		{78B9EC26-ADC5-4934-9F31-000D4D678121}.Release|Any CPU.Build.0 = Release|Any CPU
		{B40CD480-D4A0-4A43-B855-0CD84EC537CC}.Debug|Any CPU.ActiveCfg = Debug|Any CPU
		{B40CD480-D4A0-4A43-B855-0CD84EC537CC}.Debug|Any CPU.Build.0 = Debug|Any CPU
		{B40CD480-D4A0-4A43-B855-0CD84EC537CC}.Release|Any CPU.ActiveCfg = Release|Any CPU
		{B40CD480-D4A0-4A43-B855-0CD84EC537CC}.Release|Any CPU.Build.0 = Release|Any CPU
		{4E12B03E-D607-492E-BB28-96235993A39F}.Debug|Any CPU.ActiveCfg = Debug|Any CPU
		{4E12B03E-D607-492E-BB28-96235993A39F}.Debug|Any CPU.Build.0 = Debug|Any CPU
		{4E12B03E-D607-492E-BB28-96235993A39F}.Release|Any CPU.ActiveCfg = Release|Any CPU
		{4E12B03E-D607-492E-BB28-96235993A39F}.Release|Any CPU.Build.0 = Release|Any CPU
		{1272E006-8D8B-46B5-AD18-2E31CA9C6CBD}.Debug|Any CPU.ActiveCfg = Debug|Any CPU
		{1272E006-8D8B-46B5-AD18-2E31CA9C6CBD}.Debug|Any CPU.Build.0 = Debug|Any CPU
		{1272E006-8D8B-46B5-AD18-2E31CA9C6CBD}.Release|Any CPU.ActiveCfg = Release|Any CPU
		{1272E006-8D8B-46B5-AD18-2E31CA9C6CBD}.Release|Any CPU.Build.0 = Release|Any CPU
		{E0D77981-E412-477D-B866-E43F055CAAFC}.Debug|Any CPU.ActiveCfg = Debug|Any CPU
		{E0D77981-E412-477D-B866-E43F055CAAFC}.Debug|Any CPU.Build.0 = Debug|Any CPU
		{E0D77981-E412-477D-B866-E43F055CAAFC}.Release|Any CPU.ActiveCfg = Release|Any CPU
		{E0D77981-E412-477D-B866-E43F055CAAFC}.Release|Any CPU.Build.0 = Release|Any CPU
		{8BC69296-3C9A-45B3-B6C3-3DD575027CCD}.Debug|Any CPU.ActiveCfg = Debug|Any CPU
		{8BC69296-3C9A-45B3-B6C3-3DD575027CCD}.Debug|Any CPU.Build.0 = Debug|Any CPU
		{8BC69296-3C9A-45B3-B6C3-3DD575027CCD}.Release|Any CPU.ActiveCfg = Release|Any CPU
		{8BC69296-3C9A-45B3-B6C3-3DD575027CCD}.Release|Any CPU.Build.0 = Release|Any CPU
		{22305349-51C7-4D80-A538-C7C0F4495895}.Debug|Any CPU.ActiveCfg = Debug|Any CPU
		{22305349-51C7-4D80-A538-C7C0F4495895}.Debug|Any CPU.Build.0 = Debug|Any CPU
		{22305349-51C7-4D80-A538-C7C0F4495895}.Release|Any CPU.ActiveCfg = Release|Any CPU
		{22305349-51C7-4D80-A538-C7C0F4495895}.Release|Any CPU.Build.0 = Release|Any CPU
		{599BAD8E-DB56-4967-8DDE-74BD21DA2B49}.Debug|Any CPU.ActiveCfg = Debug|Any CPU
		{599BAD8E-DB56-4967-8DDE-74BD21DA2B49}.Debug|Any CPU.Build.0 = Debug|Any CPU
		{599BAD8E-DB56-4967-8DDE-74BD21DA2B49}.Release|Any CPU.ActiveCfg = Release|Any CPU
		{599BAD8E-DB56-4967-8DDE-74BD21DA2B49}.Release|Any CPU.Build.0 = Release|Any CPU
		{36990D32-6F41-44A6-BB88-A3F15E12C35B}.Debug|Any CPU.ActiveCfg = Debug|Any CPU
		{36990D32-6F41-44A6-BB88-A3F15E12C35B}.Debug|Any CPU.Build.0 = Debug|Any CPU
		{36990D32-6F41-44A6-BB88-A3F15E12C35B}.Release|Any CPU.ActiveCfg = Release|Any CPU
		{36990D32-6F41-44A6-BB88-A3F15E12C35B}.Release|Any CPU.Build.0 = Release|Any CPU
		{21831A4F-B3C9-40E7-855B-75F9D679FF55}.Debug|Any CPU.ActiveCfg = Debug|Any CPU
		{21831A4F-B3C9-40E7-855B-75F9D679FF55}.Debug|Any CPU.Build.0 = Debug|Any CPU
		{21831A4F-B3C9-40E7-855B-75F9D679FF55}.Release|Any CPU.ActiveCfg = Release|Any CPU
		{21831A4F-B3C9-40E7-855B-75F9D679FF55}.Release|Any CPU.Build.0 = Release|Any CPU
		{6FC29D15-7581-4E29-9897-76DC5AEF2042}.Debug|Any CPU.ActiveCfg = Debug|Any CPU
		{6FC29D15-7581-4E29-9897-76DC5AEF2042}.Debug|Any CPU.Build.0 = Debug|Any CPU
		{6FC29D15-7581-4E29-9897-76DC5AEF2042}.Release|Any CPU.ActiveCfg = Release|Any CPU
		{6FC29D15-7581-4E29-9897-76DC5AEF2042}.Release|Any CPU.Build.0 = Release|Any CPU
		{3E81F8D0-06C7-4FD4-A5B0-E3D96E909646}.Debug|Any CPU.ActiveCfg = Debug|Any CPU
		{3E81F8D0-06C7-4FD4-A5B0-E3D96E909646}.Debug|Any CPU.Build.0 = Debug|Any CPU
		{3E81F8D0-06C7-4FD4-A5B0-E3D96E909646}.Release|Any CPU.ActiveCfg = Release|Any CPU
		{3E81F8D0-06C7-4FD4-A5B0-E3D96E909646}.Release|Any CPU.Build.0 = Release|Any CPU
		{C233FF83-E15D-4A17-8FF1-BBFF9E9DE210}.Debug|Any CPU.ActiveCfg = Debug|Any CPU
		{C233FF83-E15D-4A17-8FF1-BBFF9E9DE210}.Debug|Any CPU.Build.0 = Debug|Any CPU
		{C233FF83-E15D-4A17-8FF1-BBFF9E9DE210}.Release|Any CPU.ActiveCfg = Release|Any CPU
		{C233FF83-E15D-4A17-8FF1-BBFF9E9DE210}.Release|Any CPU.Build.0 = Release|Any CPU
		{6233BF36-9636-43BD-9462-2D31A05EE4ED}.Debug|Any CPU.ActiveCfg = Debug|Any CPU
		{6233BF36-9636-43BD-9462-2D31A05EE4ED}.Debug|Any CPU.Build.0 = Debug|Any CPU
		{6233BF36-9636-43BD-9462-2D31A05EE4ED}.Release|Any CPU.ActiveCfg = Release|Any CPU
		{6233BF36-9636-43BD-9462-2D31A05EE4ED}.Release|Any CPU.Build.0 = Release|Any CPU
		{F8417623-6936-43C4-A967-9D6BD002AD16}.Debug|Any CPU.ActiveCfg = Debug|Any CPU
		{F8417623-6936-43C4-A967-9D6BD002AD16}.Debug|Any CPU.Build.0 = Debug|Any CPU
		{F8417623-6936-43C4-A967-9D6BD002AD16}.Release|Any CPU.ActiveCfg = Release|Any CPU
		{F8417623-6936-43C4-A967-9D6BD002AD16}.Release|Any CPU.Build.0 = Release|Any CPU
		{CAA32331-4A8E-4C16-BC7D-7CA646B393F4}.Debug|Any CPU.ActiveCfg = Debug|Any CPU
		{CAA32331-4A8E-4C16-BC7D-7CA646B393F4}.Debug|Any CPU.Build.0 = Debug|Any CPU
		{CAA32331-4A8E-4C16-BC7D-7CA646B393F4}.Release|Any CPU.ActiveCfg = Release|Any CPU
		{CAA32331-4A8E-4C16-BC7D-7CA646B393F4}.Release|Any CPU.Build.0 = Release|Any CPU
		{0BCB6FF1-E374-4AED-9888-83C7CFED0E98}.Debug|Any CPU.ActiveCfg = Debug|Any CPU
		{0BCB6FF1-E374-4AED-9888-83C7CFED0E98}.Debug|Any CPU.Build.0 = Debug|Any CPU
		{0BCB6FF1-E374-4AED-9888-83C7CFED0E98}.Release|Any CPU.ActiveCfg = Release|Any CPU
		{0BCB6FF1-E374-4AED-9888-83C7CFED0E98}.Release|Any CPU.Build.0 = Release|Any CPU
		{9C58E50F-0589-4A4E-B94D-2EC0BF02F61F}.Debug|Any CPU.ActiveCfg = Debug|Any CPU
		{9C58E50F-0589-4A4E-B94D-2EC0BF02F61F}.Debug|Any CPU.Build.0 = Debug|Any CPU
		{9C58E50F-0589-4A4E-B94D-2EC0BF02F61F}.Release|Any CPU.ActiveCfg = Release|Any CPU
		{9C58E50F-0589-4A4E-B94D-2EC0BF02F61F}.Release|Any CPU.Build.0 = Release|Any CPU
		{156447ED-8515-4FB0-8B5A-D5A3A1E43AC6}.Debug|Any CPU.ActiveCfg = Debug|Any CPU
		{156447ED-8515-4FB0-8B5A-D5A3A1E43AC6}.Debug|Any CPU.Build.0 = Debug|Any CPU
		{156447ED-8515-4FB0-8B5A-D5A3A1E43AC6}.Release|Any CPU.ActiveCfg = Release|Any CPU
		{156447ED-8515-4FB0-8B5A-D5A3A1E43AC6}.Release|Any CPU.Build.0 = Release|Any CPU
		{0C062400-58D1-4EE3-8EBB-C5B3AAEECF87}.Debug|Any CPU.ActiveCfg = Debug|Any CPU
		{0C062400-58D1-4EE3-8EBB-C5B3AAEECF87}.Debug|Any CPU.Build.0 = Debug|Any CPU
		{0C062400-58D1-4EE3-8EBB-C5B3AAEECF87}.Release|Any CPU.ActiveCfg = Release|Any CPU
		{0C062400-58D1-4EE3-8EBB-C5B3AAEECF87}.Release|Any CPU.Build.0 = Release|Any CPU
		{FA6AF0F1-B4EE-4E46-B933-9573861A10FC}.Debug|Any CPU.ActiveCfg = Debug|Any CPU
		{FA6AF0F1-B4EE-4E46-B933-9573861A10FC}.Debug|Any CPU.Build.0 = Debug|Any CPU
		{FA6AF0F1-B4EE-4E46-B933-9573861A10FC}.Release|Any CPU.ActiveCfg = Release|Any CPU
		{FA6AF0F1-B4EE-4E46-B933-9573861A10FC}.Release|Any CPU.Build.0 = Release|Any CPU
		{00C518D5-EFAC-43CC-AD1E-9837BDBD93BB}.Debug|Any CPU.ActiveCfg = Debug|Any CPU
		{00C518D5-EFAC-43CC-AD1E-9837BDBD93BB}.Debug|Any CPU.Build.0 = Debug|Any CPU
		{00C518D5-EFAC-43CC-AD1E-9837BDBD93BB}.Release|Any CPU.ActiveCfg = Release|Any CPU
		{00C518D5-EFAC-43CC-AD1E-9837BDBD93BB}.Release|Any CPU.Build.0 = Release|Any CPU
		{698AE3A0-65E3-433C-B56C-7D47A7A44263}.Debug|Any CPU.ActiveCfg = Debug|Any CPU
		{698AE3A0-65E3-433C-B56C-7D47A7A44263}.Debug|Any CPU.Build.0 = Debug|Any CPU
		{698AE3A0-65E3-433C-B56C-7D47A7A44263}.Release|Any CPU.ActiveCfg = Release|Any CPU
		{698AE3A0-65E3-433C-B56C-7D47A7A44263}.Release|Any CPU.Build.0 = Release|Any CPU
		{EDB3405A-58BD-444C-82FF-05FAB7CE72B4}.Debug|Any CPU.ActiveCfg = Debug|Any CPU
		{EDB3405A-58BD-444C-82FF-05FAB7CE72B4}.Debug|Any CPU.Build.0 = Debug|Any CPU
		{EDB3405A-58BD-444C-82FF-05FAB7CE72B4}.Release|Any CPU.ActiveCfg = Release|Any CPU
		{EDB3405A-58BD-444C-82FF-05FAB7CE72B4}.Release|Any CPU.Build.0 = Release|Any CPU
		{4938D59D-CF50-4090-B936-36DB29EBE344}.Debug|Any CPU.ActiveCfg = Debug|Any CPU
		{4938D59D-CF50-4090-B936-36DB29EBE344}.Debug|Any CPU.Build.0 = Debug|Any CPU
		{4938D59D-CF50-4090-B936-36DB29EBE344}.Release|Any CPU.ActiveCfg = Release|Any CPU
		{4938D59D-CF50-4090-B936-36DB29EBE344}.Release|Any CPU.Build.0 = Release|Any CPU
		{814E42E9-508E-487F-BCD3-0F07AE7D1492}.Debug|Any CPU.ActiveCfg = Debug|Any CPU
		{814E42E9-508E-487F-BCD3-0F07AE7D1492}.Debug|Any CPU.Build.0 = Debug|Any CPU
		{814E42E9-508E-487F-BCD3-0F07AE7D1492}.Release|Any CPU.ActiveCfg = Release|Any CPU
		{814E42E9-508E-487F-BCD3-0F07AE7D1492}.Release|Any CPU.Build.0 = Release|Any CPU
		{3F5120A6-9CA4-4B25-9507-86E9E5571DB6}.Debug|Any CPU.ActiveCfg = Debug|Any CPU
		{3F5120A6-9CA4-4B25-9507-86E9E5571DB6}.Debug|Any CPU.Build.0 = Debug|Any CPU
		{3F5120A6-9CA4-4B25-9507-86E9E5571DB6}.Release|Any CPU.ActiveCfg = Release|Any CPU
		{3F5120A6-9CA4-4B25-9507-86E9E5571DB6}.Release|Any CPU.Build.0 = Release|Any CPU
	EndGlobalSection
	GlobalSection(SolutionProperties) = preSolution
		HideSolutionNode = FALSE
	EndGlobalSection
	GlobalSection(NestedProjects) = preSolution
		{345739E2-E20C-4B1F-B1B2-725006FC9F72} = {C01B9930-D67F-41C5-90C9-C87DC53F39CB}
		{12539757-7371-455D-B86B-DAF22F2DEE4E} = {0D42DE24-8D3C-4BE1-BAAE-7543281C3113}
		{5F1A7144-C954-4B47-B1FF-820FEA9B6B61} = {345739E2-E20C-4B1F-B1B2-725006FC9F72}
		{354B3720-D050-487D-A46A-22BCFEE56D43} = {C01B9930-D67F-41C5-90C9-C87DC53F39CB}
		{5F7ACBE4-A1D8-4680-AA86-B87F8494BAC2} = {354B3720-D050-487D-A46A-22BCFEE56D43}
		{BA79977F-6DCE-4787-9A0D-AF5E61EBC177} = {354B3720-D050-487D-A46A-22BCFEE56D43}
		{E8481A4C-0C24-4418-A2C1-742877BE4F0D} = {354B3720-D050-487D-A46A-22BCFEE56D43}
		{08EF3E38-E0C3-4E18-984C-3216CB6E8897} = {345739E2-E20C-4B1F-B1B2-725006FC9F72}
		{12C94395-09F1-42E4-8CE1-6E54D3FEBAA6} = {345739E2-E20C-4B1F-B1B2-725006FC9F72}
		{FB337B27-C6C6-43A1-BFA5-58B3CF381BA8} = {345739E2-E20C-4B1F-B1B2-725006FC9F72}
		{7AB71D86-D351-4009-A789-24097897E74A} = {C01B9930-D67F-41C5-90C9-C87DC53F39CB}
		{1DE277C2-EE56-4F4D-BB89-71107DE0E4C6} = {345739E2-E20C-4B1F-B1B2-725006FC9F72}
		{61982C8D-5376-45EE-BCC3-D4F9E90AF3B0} = {7AB71D86-D351-4009-A789-24097897E74A}
		{EE426441-DE33-4F3B-B66A-E258AC725B78} = {59F82491-51E3-4A12-B427-9815AEA23D10}
		{66A85767-2877-4B99-84F1-EEABC6DC5247} = {C01B9930-D67F-41C5-90C9-C87DC53F39CB}
		{7F7D9EE0-7263-4621-BA65-FC470B0F3C6B} = {4E99CBC5-1C74-44E7-9DEF-3FA44CADCCF0}
		{45E2ADF5-F386-44CD-A43D-A3AB47E9C39A} = {66A85767-2877-4B99-84F1-EEABC6DC5247}
		{4E99CBC5-1C74-44E7-9DEF-3FA44CADCCF0} = {66A85767-2877-4B99-84F1-EEABC6DC5247}
		{04E5EDDB-8440-4BAD-9531-F87A3AC826FB} = {4E99CBC5-1C74-44E7-9DEF-3FA44CADCCF0}
		{4656C609-DBBA-4F6B-B16F-5E1A8C9D9858} = {2697EEFB-06BE-4786-89C6-A566FD94A41B}
		{F7925EED-65E6-4CA2-9B8D-B7036F6DB3E8} = {2697EEFB-06BE-4786-89C6-A566FD94A41B}
		{D22C3F6D-434A-4F09-9EB2-B0433CC43642} = {2697EEFB-06BE-4786-89C6-A566FD94A41B}
		{257A0A17-5D13-4DA4-8E91-8A3BB2711F49} = {45E2ADF5-F386-44CD-A43D-A3AB47E9C39A}
		{4A955BB3-C1AF-45DB-9590-82C00996B608} = {66A85767-2877-4B99-84F1-EEABC6DC5247}
		{9A2C7C42-086B-4482-828D-7B02D85372ED} = {4A955BB3-C1AF-45DB-9590-82C00996B608}
		{661B88AE-6F83-437C-9A7E-C5C1A565E650} = {45E2ADF5-F386-44CD-A43D-A3AB47E9C39A}
		{60424AB5-356A-4623-B1FB-7560334C0BE0} = {4A955BB3-C1AF-45DB-9590-82C00996B608}
		{C2A4E6AB-16B9-4457-9445-FFBF672DFBCF} = {4A955BB3-C1AF-45DB-9590-82C00996B608}
		{AFB629C5-00C2-492C-8787-C66D810A24DB} = {7AB71D86-D351-4009-A789-24097897E74A}
		{648CE3E3-CEC4-4F91-8696-6A3FB2F91220} = {C01B9930-D67F-41C5-90C9-C87DC53F39CB}
		{9404B5FE-3431-4EC0-BCC6-42525FC5D1B8} = {648CE3E3-CEC4-4F91-8696-6A3FB2F91220}
		{B5305F08-3856-42B5-92D5-6FD446B39931} = {45E2ADF5-F386-44CD-A43D-A3AB47E9C39A}
		{88FE7642-27D9-4693-A130-706FCE46194A} = {345739E2-E20C-4B1F-B1B2-725006FC9F72}
		{95842BB6-559E-4317-B1E9-FF19D39ADA24} = {648CE3E3-CEC4-4F91-8696-6A3FB2F91220}
		{3DE7DD7A-8500-46C9-91A1-A65DB60E0235} = {648CE3E3-CEC4-4F91-8696-6A3FB2F91220}
		{8618EE3F-F120-4AEA-8A77-F7BD5DCCB888} = {4E99CBC5-1C74-44E7-9DEF-3FA44CADCCF0}
		{D5CF25B2-1A91-4065-A647-06CDF55F4B96} = {C01B9930-D67F-41C5-90C9-C87DC53F39CB}
		{2697EEFB-06BE-4786-89C6-A566FD94A41B} = {C01B9930-D67F-41C5-90C9-C87DC53F39CB}
		{59F82491-51E3-4A12-B427-9815AEA23D10} = {C01B9930-D67F-41C5-90C9-C87DC53F39CB}
		{577A7F6F-4836-4811-B715-32573127BDB3} = {D5CF25B2-1A91-4065-A647-06CDF55F4B96}
		{A1186FB9-FB77-427C-9AEC-55E48A8D046A} = {D5CF25B2-1A91-4065-A647-06CDF55F4B96}
		{9960FA8A-98C1-45FB-8A09-33CA183AA140} = {D5CF25B2-1A91-4065-A647-06CDF55F4B96}
		{C43539A5-8343-4381-B2FD-5323323F1DB6} = {4E99CBC5-1C74-44E7-9DEF-3FA44CADCCF0}
		{878A2744-5122-48A7-90E6-7D8CFABC29FD} = {4A955BB3-C1AF-45DB-9590-82C00996B608}
		{0C464725-DEDC-4894-84A3-7A155E43818B} = {4A955BB3-C1AF-45DB-9590-82C00996B608}
		{2BE691A3-19C0-4FCF-85D2-D2371C9462C6} = {4E99CBC5-1C74-44E7-9DEF-3FA44CADCCF0}
		{6B2BA282-5C97-4A71-885F-E5259274F714} = {4E99CBC5-1C74-44E7-9DEF-3FA44CADCCF0}
		{D9E411DD-58B1-4160-8025-068D43ADE72C} = {345739E2-E20C-4B1F-B1B2-725006FC9F72}
		{22E49D65-F51D-4A45-A35E-B27FF7DE6787} = {C01B9930-D67F-41C5-90C9-C87DC53F39CB}
		{4170A699-C110-4136-92EA-D2BFEBF68230} = {22E49D65-F51D-4A45-A35E-B27FF7DE6787}
		{78B9EC26-ADC5-4934-9F31-000D4D678121} = {22E49D65-F51D-4A45-A35E-B27FF7DE6787}
		{B40CD480-D4A0-4A43-B855-0CD84EC537CC} = {354B3720-D050-487D-A46A-22BCFEE56D43}
		{76AA6040-AA3A-43DD-BD4B-7F931271BFD6} = {C01B9930-D67F-41C5-90C9-C87DC53F39CB}
		{4E12B03E-D607-492E-BB28-96235993A39F} = {76AA6040-AA3A-43DD-BD4B-7F931271BFD6}
		{1272E006-8D8B-46B5-AD18-2E31CA9C6CBD} = {76AA6040-AA3A-43DD-BD4B-7F931271BFD6}
		{E0D77981-E412-477D-B866-E43F055CAAFC} = {76AA6040-AA3A-43DD-BD4B-7F931271BFD6}
		{8BC69296-3C9A-45B3-B6C3-3DD575027CCD} = {345739E2-E20C-4B1F-B1B2-725006FC9F72}
		{1F5EE147-BD88-4B6D-BA84-35B4F3BE4A4E} = {C01B9930-D67F-41C5-90C9-C87DC53F39CB}
		{22305349-51C7-4D80-A538-C7C0F4495895} = {1F5EE147-BD88-4B6D-BA84-35B4F3BE4A4E}
		{599BAD8E-DB56-4967-8DDE-74BD21DA2B49} = {1F5EE147-BD88-4B6D-BA84-35B4F3BE4A4E}
		{411247A4-4665-4BE6-8E5C-08F6D0BA2213} = {C01B9930-D67F-41C5-90C9-C87DC53F39CB}
		{36990D32-6F41-44A6-BB88-A3F15E12C35B} = {411247A4-4665-4BE6-8E5C-08F6D0BA2213}
		{21831A4F-B3C9-40E7-855B-75F9D679FF55} = {411247A4-4665-4BE6-8E5C-08F6D0BA2213}
		{E069CEB0-8092-4907-BC9D-C6B8BDE20AD2} = {C01B9930-D67F-41C5-90C9-C87DC53F39CB}
		{6FC29D15-7581-4E29-9897-76DC5AEF2042} = {E069CEB0-8092-4907-BC9D-C6B8BDE20AD2}
		{3E81F8D0-06C7-4FD4-A5B0-E3D96E909646} = {E069CEB0-8092-4907-BC9D-C6B8BDE20AD2}
		{C233FF83-E15D-4A17-8FF1-BBFF9E9DE210} = {E069CEB0-8092-4907-BC9D-C6B8BDE20AD2}
		{6233BF36-9636-43BD-9462-2D31A05EE4ED} = {59F82491-51E3-4A12-B427-9815AEA23D10}
		{1DEC52C8-6692-4DA7-AE34-B76D728F895A} = {C01B9930-D67F-41C5-90C9-C87DC53F39CB}
		{F8417623-6936-43C4-A967-9D6BD002AD16} = {1DEC52C8-6692-4DA7-AE34-B76D728F895A}
		{CAA32331-4A8E-4C16-BC7D-7CA646B393F4} = {1DEC52C8-6692-4DA7-AE34-B76D728F895A}
		{0BCB6FF1-E374-4AED-9888-83C7CFED0E98} = {1DEC52C8-6692-4DA7-AE34-B76D728F895A}
		{9C58E50F-0589-4A4E-B94D-2EC0BF02F61F} = {1DEC52C8-6692-4DA7-AE34-B76D728F895A}
		{156447ED-8515-4FB0-8B5A-D5A3A1E43AC6} = {98F1FEAD-AFD5-4744-8A55-C57920461EB9}
		{98F1FEAD-AFD5-4744-8A55-C57920461EB9} = {C01B9930-D67F-41C5-90C9-C87DC53F39CB}
		{0C062400-58D1-4EE3-8EBB-C5B3AAEECF87} = {98F1FEAD-AFD5-4744-8A55-C57920461EB9}
		{FA6AF0F1-B4EE-4E46-B933-9573861A10FC} = {59F82491-51E3-4A12-B427-9815AEA23D10}
		{00C518D5-EFAC-43CC-AD1E-9837BDBD93BB} = {4A955BB3-C1AF-45DB-9590-82C00996B608}
		{698AE3A0-65E3-433C-B56C-7D47A7A44263} = {345739E2-E20C-4B1F-B1B2-725006FC9F72}
		{EDB3405A-58BD-444C-82FF-05FAB7CE72B4} = {345739E2-E20C-4B1F-B1B2-725006FC9F72}
		{4938D59D-CF50-4090-B936-36DB29EBE344} = {E069CEB0-8092-4907-BC9D-C6B8BDE20AD2}
		{814E42E9-508E-487F-BCD3-0F07AE7D1492} = {E069CEB0-8092-4907-BC9D-C6B8BDE20AD2}
		{3F5120A6-9CA4-4B25-9507-86E9E5571DB6} = {1F5EE147-BD88-4B6D-BA84-35B4F3BE4A4E}
	EndGlobalSection
	GlobalSection(ExtensibilityGlobals) = postSolution
		SolutionGuid = {94347832-A36D-4C42-9C4D-B848BD4F5DA9}
	EndGlobalSection
EndGlobal
